
Microsoft Visual Studio Solution File, Format Version 12.00
# Visual Studio Version 16
VisualStudioVersion = 16.0.33328.57
MinimumVisualStudioVersion = 10.0.40219.1
Project("{FAE04EC0-301F-11D3-BF4B-00C04F79EFBC}") = "dotNET_8", "dotNET_8\dotNET_8.csproj", "{76F07EF3-2391-43C5-8302-329FB4FBECE7}"
EndProject
Global
	GlobalSection(SolutionConfigurationPlatforms) = preSolution
		Debug|Any CPU = Debug|Any CPU
		Release|Any CPU = Release|Any CPU
	EndGlobalSection
	GlobalSection(ProjectConfigurationPlatforms) = postSolution
		{76F07EF3-2391-43C5-8302-329FB4FBECE7}.Debug|Any CPU.ActiveCfg = Debug|Any CPU
		{76F07EF3-2391-43C5-8302-329FB4FBECE7}.Debug|Any CPU.Build.0 = Debug|Any CPU
		{76F07EF3-2391-43C5-8302-329FB4FBECE7}.Release|Any CPU.ActiveCfg = Release|Any CPU
		{76F07EF3-2391-43C5-8302-329FB4FBECE7}.Release|Any CPU.Build.0 = Release|Any CPU
	EndGlobalSection
	GlobalSection(SolutionProperties) = preSolution
		HideSolutionNode = FALSE
	EndGlobalSection
	GlobalSection(ExtensibilityGlobals) = postSolution
		SolutionGuid = {BC1AEE71-9AC3-4D97-8961-B557B24C0301}
	EndGlobalSection
EndGlobal
